{
  "nodes": {
    "nixpkgs": {
      "locked": {
        "lastModified": 1705049315,
        "narHash": "sha256-2rBhngsGuzuVWIX+1WnDNEHMz9r+i8eVz9XtlSZhEPs=",
        "owner": "nixos",
        "repo": "nixpkgs",
        "rev": "59af5c3e45eef4e04384e2f9c0ebae58b39e2f68",
        "type": "github"
      },
      "original": {
        "owner": "nixos",
        "repo": "nixpkgs",
        "type": "github"
      }
    },
    "root": {
      "inputs": {
        "nixpkgs": "nixpkgs"
      }
    }
  },
  "root": "root",
  "version": 7
}
