{
  "nodes": {
    "nixpkgs": {
      "locked": {
        "lastModified": 1747640370,
        "narHash": "sha256-C0ATYyDGnp4HPGfQTyjDrZYOTEGbg7uur7HXeqX9EHI=",
        "owner": "nixos",
        "repo": "nixpkgs",
        "rev": "b9194dda1cda2fb6516fcbad421730d09020e0c0",
        "type": "github"
      },
      "original": {
        "owner": "nixos",
        "repo": "nixpkgs",
        "type": "github"
      }
    },
    "root": {
      "inputs": {
        "nixpkgs": "nixpkgs"
      }
    }
  },
  "root": "root",
  "version": 7
}
